
Microsoft Visual Studio Solution File, Format Version 12.00
# Visual Studio Version 16
VisualStudioVersion = 16.0.31321.278
MinimumVisualStudioVersion = 10.0.40219.1
Project("{FAE04EC0-301F-11D3-BF4B-00C04F79EFBC}") = "Hangman", "Hangman\Hangman.csproj", "{9EF3B0C7-2DED-427C-8DEC-E6ADF3DCFE08}"
EndProject
Global
	GlobalSection(SolutionConfigurationPlatforms) = preSolution
		Debug|Any CPU = Debug|Any CPU
		Release|Any CPU = Release|Any CPU
	EndGlobalSection
	GlobalSection(ProjectConfigurationPlatforms) = postSolution
		{9EF3B0C7-2DED-427C-8DEC-E6ADF3DCFE08}.Debug|Any CPU.ActiveCfg = Debug|Any CPU
		{9EF3B0C7-2DED-427C-8DEC-E6ADF3DCFE08}.Debug|Any CPU.Build.0 = Debug|Any CPU
		{9EF3B0C7-2DED-427C-8DEC-E6ADF3DCFE08}.Release|Any CPU.ActiveCfg = Release|Any CPU
		{9EF3B0C7-2DED-427C-8DEC-E6ADF3DCFE08}.Release|Any CPU.Build.0 = Release|Any CPU
	EndGlobalSection
	GlobalSection(SolutionProperties) = preSolution
		HideSolutionNode = FALSE
	EndGlobalSection
	GlobalSection(ExtensibilityGlobals) = postSolution
		SolutionGuid = {63B43ADA-8DE5-4DBB-8A09-9B7C9F15AB1E}
	EndGlobalSection
EndGlobal
